{
  "lockfile_version": "1",
  "packages": {
    "mariadb@latest": {
      "last_modified": "2024-07-07T16:08:25Z",
      "plugin_version": "0.0.4",
      "resolved": "github:NixOS/nixpkgs/ab82a9612aa45284d4adf69ee81871a389669a9e#mariadb_110",
      "source": "devbox-search",
      "version": "11.0.6",
      "systems": {
        "aarch64-darwin": {
          "outputs": [
            {
              "name": "out",
              "path": "/nix/store/0p16zbjrc6d272ms48hl6f7k67n2wy02-mariadb-server-11.0.6",
              "default": true
            },
            {
              "name": "man",
              "path": "/nix/store/fi926mhfj77ycsynya2ghvd1pkr0i3as-mariadb-server-11.0.6-man",
              "default": true
            }
          ],
          "store_path": "/nix/store/0p16zbjrc6d272ms48hl6f7k67n2wy02-mariadb-server-11.0.6"
        },
        "aarch64-linux": {
          "outputs": [
            {
              "name": "out",
              "path": "/nix/store/45d0j7ysng2kii2wq5b80z54qywbaa38-mariadb-server-11.0.6",
              "default": true
            },
            {
              "name": "man",
              "path": "/nix/store/vnk6km5rkrcmx4l574y2xsgk6hxm2f0b-mariadb-server-11.0.6-man",
              "default": true
            }
          ],
          "store_path": "/nix/store/45d0j7ysng2kii2wq5b80z54qywbaa38-mariadb-server-11.0.6"
        },
        "x86_64-darwin": {
          "outputs": [
            {
              "name": "out",
              "path": "/nix/store/yfkjw4rr9d65j9fwbjqrrlsb886jfcwb-mariadb-server-11.0.6",
              "default": true
            },
            {
              "name": "man",
              "path": "/nix/store/mifabn898za886zq6m8zf6h6d0hpk9w9-mariadb-server-11.0.6-man",
              "default": true
            }
          ],
          "store_path": "/nix/store/yfkjw4rr9d65j9fwbjqrrlsb886jfcwb-mariadb-server-11.0.6"
        },
        "x86_64-linux": {
          "outputs": [
            {
              "name": "out",
              "path": "/nix/store/vdwi5g3rnx57078g5kf5v9rl6ghbnkh5-mariadb-server-11.0.6",
              "default": true
            },
            {
              "name": "man",
              "path": "/nix/store/zk6x2rflwfyn95h3z2ailynpaa712cvy-mariadb-server-11.0.6-man",
              "default": true
            }
          ],
          "store_path": "/nix/store/vdwi5g3rnx57078g5kf5v9rl6ghbnkh5-mariadb-server-11.0.6"
        }
      }
    },
    "nodejs@18": {
      "last_modified": "2024-07-07T16:08:25Z",
      "plugin_version": "0.0.2",
      "resolved": "github:NixOS/nixpkgs/ab82a9612aa45284d4adf69ee81871a389669a9e#nodejs_18",
      "source": "devbox-search",
      "version": "18.20.2",
      "systems": {
        "aarch64-darwin": {
          "outputs": [
            {
              "name": "out",
              "path": "/nix/store/v5i7x776zzqagnh6hizj0jfhzkpdqk3g-nodejs-18.20.2",
              "default": true
            },
            {
              "name": "libv8",
              "path": "/nix/store/h3vrypbbn5gza84qbn8cqwai5a6jpp28-nodejs-18.20.2-libv8"
            }
          ],
          "store_path": "/nix/store/v5i7x776zzqagnh6hizj0jfhzkpdqk3g-nodejs-18.20.2"
        },
        "aarch64-linux": {
          "outputs": [
            {
              "name": "out",
              "path": "/nix/store/y6pr2gldc02pk6ghm1fapbsvhhjf2kpa-nodejs-18.20.2",
              "default": true
            },
            {
              "name": "libv8",
              "path": "/nix/store/dzllw2vxgsr8s4m2lng602q8p0nq0cnf-nodejs-18.20.2-libv8"
            }
          ],
          "store_path": "/nix/store/y6pr2gldc02pk6ghm1fapbsvhhjf2kpa-nodejs-18.20.2"
        },
        "x86_64-darwin": {
          "outputs": [
            {
              "name": "out",
              "path": "/nix/store/fkcg6qzz2rzcs48fmqhr7ig3llfasmr1-nodejs-18.20.2",
              "default": true
            },
            {
              "name": "libv8",
              "path": "/nix/store/plqzmanv5139xyk273aswij8r6znhdn6-nodejs-18.20.2-libv8"
            }
          ],
          "store_path": "/nix/store/fkcg6qzz2rzcs48fmqhr7ig3llfasmr1-nodejs-18.20.2"
        },
        "x86_64-linux": {
          "outputs": [
            {
              "name": "out",
              "path": "/nix/store/kr6p8nmj3y4wmfm3q6f0j8yd2zb2lxaj-nodejs-18.20.2",
              "default": true
            },
            {
              "name": "libv8",
              "path": "/nix/store/3f2q1pvz9s2sqdk4z7k9wq88rk8vrscd-nodejs-18.20.2-libv8"
            }
          ],
          "store_path": "/nix/store/kr6p8nmj3y4wmfm3q6f0j8yd2zb2lxaj-nodejs-18.20.2"
        }
      }
    },
    "php83Packages.composer@latest": {
      "last_modified": "2024-07-07T16:08:25Z",
      "resolved": "github:NixOS/nixpkgs/ab82a9612aa45284d4adf69ee81871a389669a9e#php83Packages.composer",
      "source": "devbox-search",
      "version": "2.7.7",
      "systems": {
        "aarch64-darwin": {
          "outputs": [
            {
              "name": "out",
              "path": "/nix/store/8090d5zgc4zynidc0hj5hmvk1a8k96pp-composer-2.7.7",
              "default": true
            }
          ],
          "store_path": "/nix/store/8090d5zgc4zynidc0hj5hmvk1a8k96pp-composer-2.7.7"
        },
        "aarch64-linux": {
          "outputs": [
            {
              "name": "out",
              "path": "/nix/store/rm6q64sp4l7rqy6fy8a581rvihnbiaik-composer-2.7.7",
              "default": true
            }
          ],
          "store_path": "/nix/store/rm6q64sp4l7rqy6fy8a581rvihnbiaik-composer-2.7.7"
        },
        "x86_64-darwin": {
          "outputs": [
            {
              "name": "out",
              "path": "/nix/store/ldq4h55iw0lgdql76wn866kdgq000fza-composer-2.7.7",
              "default": true
            }
          ],
          "store_path": "/nix/store/ldq4h55iw0lgdql76wn866kdgq000fza-composer-2.7.7"
        },
        "x86_64-linux": {
          "outputs": [
            {
              "name": "out",
              "path": "/nix/store/a2h9328ra95hsdashkda1nq7w3igds31-composer-2.7.7",
              "default": true
            }
          ],
          "store_path": "/nix/store/a2h9328ra95hsdashkda1nq7w3igds31-composer-2.7.7"
        }
      }
    },
    "php@8.3": {
      "last_modified": "2024-07-07T16:08:25Z",
      "plugin_version": "0.0.3",
      "resolved": "github:NixOS/nixpkgs/ab82a9612aa45284d4adf69ee81871a389669a9e#php83",
      "source": "devbox-search",
      "version": "8.3.8",
      "systems": {
        "aarch64-darwin": {
          "outputs": [
            {
              "name": "out",
              "path": "/nix/store/9i5b4qf6zljfxs8m91w38iyhkbwnw55i-php-with-extensions-8.3.8",
              "default": true
            }
          ],
          "store_path": "/nix/store/9i5b4qf6zljfxs8m91w38iyhkbwnw55i-php-with-extensions-8.3.8"
        },
        "aarch64-linux": {
          "outputs": [
            {
              "name": "out",
              "path": "/nix/store/mkb22rrfls8r8dzpgcw87c64fvq4gc33-php-with-extensions-8.3.8",
              "default": true
            }
          ],
          "store_path": "/nix/store/mkb22rrfls8r8dzpgcw87c64fvq4gc33-php-with-extensions-8.3.8"
        },
        "x86_64-darwin": {
          "outputs": [
            {
              "name": "out",
              "path": "/nix/store/xsgfamxms70b4l0h0inf0ss3vbja63sr-php-with-extensions-8.3.8",
              "default": true
            }
          ],
          "store_path": "/nix/store/xsgfamxms70b4l0h0inf0ss3vbja63sr-php-with-extensions-8.3.8"
        },
        "x86_64-linux": {
          "outputs": [
            {
              "name": "out",
              "path": "/nix/store/7j06z6vhyfmzk7f49ym08r62lgjx3vv9-php-with-extensions-8.3.8",
              "default": true
            }
          ],
          "store_path": "/nix/store/7j06z6vhyfmzk7f49ym08r62lgjx3vv9-php-with-extensions-8.3.8"
        }
      }
    }
  }
}
